
Microsoft Visual Studio Solution File, Format Version 12.00
# Visual Studio 15
VisualStudioVersion = 15.0.28307.438
MinimumVisualStudioVersion = 10.0.40219.1
Project("{FAE04EC0-301F-11D3-BF4B-00C04F79EFBC}") = "HexQFormat.Android", "HexQFormat\HexQFormat.Android\HexQFormat.Android.csproj", "{24CE3C36-16B9-426D-AA0C-5961ECF8D88C}"
EndProject
Project("{FAE04EC0-301F-11D3-BF4B-00C04F79EFBC}") = "HexQFormat.iOS", "HexQFormat\HexQFormat.iOS\HexQFormat.iOS.csproj", "{78A2B6AD-0E62-4D20-9246-A3216E3DFD00}"
EndProject
Project("{FAE04EC0-301F-11D3-BF4B-00C04F79EFBC}") = "HexQFormat", "HexQFormat\HexQFormat\HexQFormat.csproj", "{8B9624F2-09F8-409B-A3E5-D8C60D0E8A45}"
EndProject
Project("{FAE04EC0-301F-11D3-BF4B-00C04F79EFBC}") = "HexQFormatTest", "HexQFormatTest\HexQFormatTest.csproj", "{43CC3E87-C7A4-4C83-97C1-6371B6117626}"
EndProject
Global
	GlobalSection(SolutionConfigurationPlatforms) = preSolution
		Debug|Any CPU = Debug|Any CPU
		Debug|iPhone = Debug|iPhone
		Debug|iPhoneSimulator = Debug|iPhoneSimulator
		Release|Any CPU = Release|Any CPU
		Release|iPhone = Release|iPhone
		Release|iPhoneSimulator = Release|iPhoneSimulator
	EndGlobalSection
	GlobalSection(ProjectConfigurationPlatforms) = postSolution
		{24CE3C36-16B9-426D-AA0C-5961ECF8D88C}.Debug|Any CPU.ActiveCfg = Debug|Any CPU
		{24CE3C36-16B9-426D-AA0C-5961ECF8D88C}.Debug|Any CPU.Build.0 = Debug|Any CPU
		{24CE3C36-16B9-426D-AA0C-5961ECF8D88C}.Debug|Any CPU.Deploy.0 = Debug|Any CPU
		{24CE3C36-16B9-426D-AA0C-5961ECF8D88C}.Debug|iPhone.ActiveCfg = Debug|Any CPU
		{24CE3C36-16B9-426D-AA0C-5961ECF8D88C}.Debug|iPhone.Build.0 = Debug|Any CPU
		{24CE3C36-16B9-426D-AA0C-5961ECF8D88C}.Debug|iPhone.Deploy.0 = Debug|Any CPU
		{24CE3C36-16B9-426D-AA0C-5961ECF8D88C}.Debug|iPhoneSimulator.ActiveCfg = Debug|Any CPU
		{24CE3C36-16B9-426D-AA0C-5961ECF8D88C}.Debug|iPhoneSimulator.Build.0 = Debug|Any CPU
		{24CE3C36-16B9-426D-AA0C-5961ECF8D88C}.Debug|iPhoneSimulator.Deploy.0 = Debug|Any CPU
		{24CE3C36-16B9-426D-AA0C-5961ECF8D88C}.Release|Any CPU.ActiveCfg = Release|Any CPU
		{24CE3C36-16B9-426D-AA0C-5961ECF8D88C}.Release|Any CPU.Build.0 = Release|Any CPU
		{24CE3C36-16B9-426D-AA0C-5961ECF8D88C}.Release|Any CPU.Deploy.0 = Release|Any CPU
		{24CE3C36-16B9-426D-AA0C-5961ECF8D88C}.Release|iPhone.ActiveCfg = Release|Any CPU
		{24CE3C36-16B9-426D-AA0C-5961ECF8D88C}.Release|iPhone.Build.0 = Release|Any CPU
		{24CE3C36-16B9-426D-AA0C-5961ECF8D88C}.Release|iPhone.Deploy.0 = Release|Any CPU
		{24CE3C36-16B9-426D-AA0C-5961ECF8D88C}.Release|iPhoneSimulator.ActiveCfg = Release|Any CPU
		{24CE3C36-16B9-426D-AA0C-5961ECF8D88C}.Release|iPhoneSimulator.Build.0 = Release|Any CPU
		{24CE3C36-16B9-426D-AA0C-5961ECF8D88C}.Release|iPhoneSimulator.Deploy.0 = Release|Any CPU
		{78A2B6AD-0E62-4D20-9246-A3216E3DFD00}.Debug|Any CPU.ActiveCfg = Debug|iPhoneSimulator
		{78A2B6AD-0E62-4D20-9246-A3216E3DFD00}.Debug|Any CPU.Build.0 = Debug|iPhoneSimulator
		{78A2B6AD-0E62-4D20-9246-A3216E3DFD00}.Debug|Any CPU.Deploy.0 = Debug|iPhoneSimulator
		{78A2B6AD-0E62-4D20-9246-A3216E3DFD00}.Debug|iPhone.ActiveCfg = Debug|iPhone
		{78A2B6AD-0E62-4D20-9246-A3216E3DFD00}.Debug|iPhone.Build.0 = Debug|iPhone
		{78A2B6AD-0E62-4D20-9246-A3216E3DFD00}.Debug|iPhone.Deploy.0 = Debug|iPhone
		{78A2B6AD-0E62-4D20-9246-A3216E3DFD00}.Debug|iPhoneSimulator.ActiveCfg = Debug|iPhoneSimulator
		{78A2B6AD-0E62-4D20-9246-A3216E3DFD00}.Debug|iPhoneSimulator.Build.0 = Debug|iPhoneSimulator
		{78A2B6AD-0E62-4D20-9246-A3216E3DFD00}.Debug|iPhoneSimulator.Deploy.0 = Debug|iPhoneSimulator
		{78A2B6AD-0E62-4D20-9246-A3216E3DFD00}.Release|Any CPU.ActiveCfg = Release|iPhone
		{78A2B6AD-0E62-4D20-9246-A3216E3DFD00}.Release|Any CPU.Build.0 = Release|iPhone
		{78A2B6AD-0E62-4D20-9246-A3216E3DFD00}.Release|Any CPU.Deploy.0 = Release|iPhone
		{78A2B6AD-0E62-4D20-9246-A3216E3DFD00}.Release|iPhone.ActiveCfg = Release|iPhone
		{78A2B6AD-0E62-4D20-9246-A3216E3DFD00}.Release|iPhone.Build.0 = Release|iPhone
		{78A2B6AD-0E62-4D20-9246-A3216E3DFD00}.Release|iPhone.Deploy.0 = Release|iPhone
		{78A2B6AD-0E62-4D20-9246-A3216E3DFD00}.Release|iPhoneSimulator.ActiveCfg = Release|iPhoneSimulator
		{78A2B6AD-0E62-4D20-9246-A3216E3DFD00}.Release|iPhoneSimulator.Build.0 = Release|iPhoneSimulator
		{78A2B6AD-0E62-4D20-9246-A3216E3DFD00}.Release|iPhoneSimulator.Deploy.0 = Release|iPhoneSimulator
		{8B9624F2-09F8-409B-A3E5-D8C60D0E8A45}.Debug|Any CPU.ActiveCfg = Debug|Any CPU
		{8B9624F2-09F8-409B-A3E5-D8C60D0E8A45}.Debug|Any CPU.Build.0 = Debug|Any CPU
		{8B9624F2-09F8-409B-A3E5-D8C60D0E8A45}.Debug|Any CPU.Deploy.0 = Debug|Any CPU
		{8B9624F2-09F8-409B-A3E5-D8C60D0E8A45}.Debug|iPhone.ActiveCfg = Debug|Any CPU
		{8B9624F2-09F8-409B-A3E5-D8C60D0E8A45}.Debug|iPhone.Build.0 = Debug|Any CPU
		{8B9624F2-09F8-409B-A3E5-D8C60D0E8A45}.Debug|iPhone.Deploy.0 = Debug|Any CPU
		{8B9624F2-09F8-409B-A3E5-D8C60D0E8A45}.Debug|iPhoneSimulator.ActiveCfg = Debug|Any CPU
		{8B9624F2-09F8-409B-A3E5-D8C60D0E8A45}.Debug|iPhoneSimulator.Build.0 = Debug|Any CPU
		{8B9624F2-09F8-409B-A3E5-D8C60D0E8A45}.Debug|iPhoneSimulator.Deploy.0 = Debug|Any CPU
		{8B9624F2-09F8-409B-A3E5-D8C60D0E8A45}.Release|Any CPU.ActiveCfg = Release|Any CPU
		{8B9624F2-09F8-409B-A3E5-D8C60D0E8A45}.Release|Any CPU.Build.0 = Release|Any CPU
		{8B9624F2-09F8-409B-A3E5-D8C60D0E8A45}.Release|Any CPU.Deploy.0 = Release|Any CPU
		{8B9624F2-09F8-409B-A3E5-D8C60D0E8A45}.Release|iPhone.ActiveCfg = Release|Any CPU
		{8B9624F2-09F8-409B-A3E5-D8C60D0E8A45}.Release|iPhone.Build.0 = Release|Any CPU
		{8B9624F2-09F8-409B-A3E5-D8C60D0E8A45}.Release|iPhone.Deploy.0 = Release|Any CPU
		{8B9624F2-09F8-409B-A3E5-D8C60D0E8A45}.Release|iPhoneSimulator.ActiveCfg = Release|Any CPU
		{8B9624F2-09F8-409B-A3E5-D8C60D0E8A45}.Release|iPhoneSimulator.Build.0 = Release|Any CPU
		{8B9624F2-09F8-409B-A3E5-D8C60D0E8A45}.Release|iPhoneSimulator.Deploy.0 = Release|Any CPU
		{43CC3E87-C7A4-4C83-97C1-6371B6117626}.Debug|Any CPU.ActiveCfg = Debug|Any CPU
		{43CC3E87-C7A4-4C83-97C1-6371B6117626}.Debug|Any CPU.Build.0 = Debug|Any CPU
		{43CC3E87-C7A4-4C83-97C1-6371B6117626}.Debug|iPhone.ActiveCfg = Debug|Any CPU
		{43CC3E87-C7A4-4C83-97C1-6371B6117626}.Debug|iPhone.Build.0 = Debug|Any CPU
		{43CC3E87-C7A4-4C83-97C1-6371B6117626}.Debug|iPhoneSimulator.ActiveCfg = Debug|Any CPU
		{43CC3E87-C7A4-4C83-97C1-6371B6117626}.Debug|iPhoneSimulator.Build.0 = Debug|Any CPU
		{43CC3E87-C7A4-4C83-97C1-6371B6117626}.Release|Any CPU.ActiveCfg = Release|Any CPU
		{43CC3E87-C7A4-4C83-97C1-6371B6117626}.Release|Any CPU.Build.0 = Release|Any CPU
		{43CC3E87-C7A4-4C83-97C1-6371B6117626}.Release|iPhone.ActiveCfg = Release|Any CPU
		{43CC3E87-C7A4-4C83-97C1-6371B6117626}.Release|iPhone.Build.0 = Release|Any CPU
		{43CC3E87-C7A4-4C83-97C1-6371B6117626}.Release|iPhoneSimulator.ActiveCfg = Release|Any CPU
		{43CC3E87-C7A4-4C83-97C1-6371B6117626}.Release|iPhoneSimulator.Build.0 = Release|Any CPU
	EndGlobalSection
	GlobalSection(SolutionProperties) = preSolution
		HideSolutionNode = FALSE
	EndGlobalSection
	GlobalSection(ExtensibilityGlobals) = postSolution
		SolutionGuid = {8B3C295A-1A39-4640-8595-E264E76C0F4A}
	EndGlobalSection
EndGlobal
